
Microsoft Visual Studio Solution File, Format Version 12.00
# Visual Studio 2013
VisualStudioVersion = 12.0.30110.0
MinimumVisualStudioVersion = 10.0.40219.1
Project("{FAE04EC0-301F-11D3-BF4B-00C04F79EFBC}") = "PK.Common", "Sources\PK.Common\PK.Common.csproj", "{1428C867-5CCC-4EC7-B2D2-7F5C3C6016DC}"
EndProject
Project("{FAE04EC0-301F-11D3-BF4B-00C04F79EFBC}") = "PK.Common.Tests", "Tests\PK.Common.Tests\PK.Common.Tests.csproj", "{2BA92D64-6A7A-4BA0-ADA6-ACAE32AA80DD}"
EndProject
Project("{2150E333-8FDC-42A3-9474-1A3956D46DE8}") = "Solution Items", "Solution Items", "{0FDBC66A-4581-4B68-A781-C187634F45CF}"
	ProjectSection(SolutionItems) = preProject
		.gitattributes = .gitattributes
		.gitignore = .gitignore
		Clean.cmd = Clean.cmd
		LICENSE = LICENSE
		PK.CodeCoverage.runsettings = PK.CodeCoverage.runsettings
		PK.snk = PK.snk
		README.md = README.md
		Release.cmd = Release.cmd
	EndProjectSection
EndProject
Project("{2150E333-8FDC-42A3-9474-1A3956D46DE8}") = ".nuget", ".nuget", "{442626F8-E1B0-4CC3-A99E-E29F8BA46C26}"
	ProjectSection(SolutionItems) = preProject
		.nuget\NuGet.Config = .nuget\NuGet.Config
		.nuget\NuGet.exe = .nuget\NuGet.exe
		.nuget\NuGet.targets = .nuget\NuGet.targets
		.nuget\packages.config = .nuget\packages.config
	EndProjectSection
EndProject
Project("{FAE04EC0-301F-11D3-BF4B-00C04F79EFBC}") = "PK.Application", "Sources\PK.Application\PK.Application.csproj", "{5FA4DB2C-AEB1-451E-8DBE-5A2C6C901843}"
EndProject
Project("{FAE04EC0-301F-11D3-BF4B-00C04F79EFBC}") = "PK.Application.Web.Net45", "Sources\PK.Application.Web.Net45\PK.Application.Web.Net45.csproj", "{0427EC7B-5CE9-4492-A5F8-0424973EC568}"
EndProject
Project("{FAE04EC0-301F-11D3-BF4B-00C04F79EFBC}") = "PK.Settings", "Sources\PK.Settings\PK.Settings.csproj", "{80E775BB-CEF4-4A78-976E-32BDBB8A8A8D}"
EndProject
Project("{FAE04EC0-301F-11D3-BF4B-00C04F79EFBC}") = "PK.Settings.Tests", "Tests\PK.Settings.Tests\PK.Settings.Tests.csproj", "{FAE89E6B-F134-41F5-AB52-0544DB8286F7}"
EndProject
Project("{2150E333-8FDC-42A3-9474-1A3956D46DE8}") = "Settings", "Settings", "{4A0E3E06-D92D-4DB6-A8B1-FF7EAB93D9EB}"
EndProject
Project("{2150E333-8FDC-42A3-9474-1A3956D46DE8}") = "Application", "Application", "{185503DB-2253-4F73-8517-3138F85E3A24}"
EndProject
Project("{FAE04EC0-301F-11D3-BF4B-00C04F79EFBC}") = "PK.Application.Tests", "Tests\PK.Application.Tests\PK.Application.Tests.csproj", "{1F268818-FCF1-46B3-9A4A-9C0A6A138BE3}"
EndProject
Project("{FAE04EC0-301F-11D3-BF4B-00C04F79EFBC}") = "PK.Application.Web.Net45.Tests", "Tests\PK.Application.Web.Net45.Tests\PK.Application.Web.Net45.Tests.csproj", "{D7A169A6-73F3-41BD-8104-AE2F795BF5D9}"
EndProject
Project("{FAE04EC0-301F-11D3-BF4B-00C04F79EFBC}") = "PK.Settings.StoreApps.Tests", "Tests\PK.Settings.StoreApps.Tests\PK.Settings.StoreApps.Tests.csproj", "{0BD725B1-6967-448D-898F-C9AB95A22F73}"
EndProject
Project("{FAE04EC0-301F-11D3-BF4B-00C04F79EFBC}") = "PK.Settings.StoreApps", "Sources\PK.Settings.StoreApps\PK.Settings.StoreApps.csproj", "{9AF50EA2-F2F5-4595-AF4F-769E68AC9212}"
EndProject
Project("{FAE04EC0-301F-11D3-BF4B-00C04F79EFBC}") = "PK.Settings.AppSettings.Net45", "Sources\PK.Settings.AppSettings.Net45\PK.Settings.AppSettings.Net45.csproj", "{2E75EC2A-A889-4451-9EB8-DB35E948BE0D}"
EndProject
Project("{FAE04EC0-301F-11D3-BF4B-00C04F79EFBC}") = "PK.Settings.AppSettings.Net45.Tests", "Tests\PK.Settings.AppSettings.Net45.Tests\PK.Settings.AppSettings.Net45.Tests.csproj", "{DEEC0CBE-72C1-419A-9251-3E7048906950}"
EndProject
Project("{FAE04EC0-301F-11D3-BF4B-00C04F79EFBC}") = "PK.Application.Web.Net40", "Sources\PK.Application.Web.Net40\PK.Application.Web.Net40.csproj", "{BEE9D648-3E02-4603-9F76-6146E1DF33F0}"
EndProject
Project("{FAE04EC0-301F-11D3-BF4B-00C04F79EFBC}") = "PK.Settings.AppSettings.Net40", "Sources\PK.Settings.AppSettings.Net40\PK.Settings.AppSettings.Net40.csproj", "{1DA8BBF5-CB4F-4A03-971E-4C1B8D5A408F}"
EndProject
Project("{2150E333-8FDC-42A3-9474-1A3956D46DE8}") = "NuGet", "NuGet", "{76C86B07-93AE-4336-80AE-4989FB151854}"
EndProject
Project("{FAE04EC0-301F-11D3-BF4B-00C04F79EFBC}") = "PK.NuGet", "Sources\PK.NuGet\PK.NuGet.csproj", "{37FA2046-902A-4C56-8106-0C2D88C0042C}"
EndProject
Project("{2150E333-8FDC-42A3-9474-1A3956D46DE8}") = ".nuget", ".nuget", "{024A972F-EB07-4D74-8A74-6DF9E4A26C2E}"
	ProjectSection(SolutionItems) = preProject
		.nuget\packages.config = .nuget\packages.config
	EndProjectSection
EndProject
Global
	GlobalSection(SolutionConfigurationPlatforms) = preSolution
		Debug|Any CPU = Debug|Any CPU
		Debug|ARM = Debug|ARM
		Debug|x64 = Debug|x64
		Debug|x86 = Debug|x86
		Release|Any CPU = Release|Any CPU
		Release|ARM = Release|ARM
		Release|x64 = Release|x64
		Release|x86 = Release|x86
	EndGlobalSection
	GlobalSection(ProjectConfigurationPlatforms) = postSolution
		{1428C867-5CCC-4EC7-B2D2-7F5C3C6016DC}.Debug|Any CPU.ActiveCfg = Debug|Any CPU
		{1428C867-5CCC-4EC7-B2D2-7F5C3C6016DC}.Debug|Any CPU.Build.0 = Debug|Any CPU
		{1428C867-5CCC-4EC7-B2D2-7F5C3C6016DC}.Debug|ARM.ActiveCfg = Debug|Any CPU
		{1428C867-5CCC-4EC7-B2D2-7F5C3C6016DC}.Debug|x64.ActiveCfg = Debug|Any CPU
		{1428C867-5CCC-4EC7-B2D2-7F5C3C6016DC}.Debug|x86.ActiveCfg = Debug|Any CPU
		{1428C867-5CCC-4EC7-B2D2-7F5C3C6016DC}.Release|Any CPU.ActiveCfg = Release|Any CPU
		{1428C867-5CCC-4EC7-B2D2-7F5C3C6016DC}.Release|Any CPU.Build.0 = Release|Any CPU
		{1428C867-5CCC-4EC7-B2D2-7F5C3C6016DC}.Release|ARM.ActiveCfg = Release|Any CPU
		{1428C867-5CCC-4EC7-B2D2-7F5C3C6016DC}.Release|x64.ActiveCfg = Release|Any CPU
		{1428C867-5CCC-4EC7-B2D2-7F5C3C6016DC}.Release|x86.ActiveCfg = Release|Any CPU
		{2BA92D64-6A7A-4BA0-ADA6-ACAE32AA80DD}.Debug|Any CPU.ActiveCfg = Debug|Any CPU
		{2BA92D64-6A7A-4BA0-ADA6-ACAE32AA80DD}.Debug|Any CPU.Build.0 = Debug|Any CPU
		{2BA92D64-6A7A-4BA0-ADA6-ACAE32AA80DD}.Debug|ARM.ActiveCfg = Debug|Any CPU
		{2BA92D64-6A7A-4BA0-ADA6-ACAE32AA80DD}.Debug|x64.ActiveCfg = Debug|Any CPU
		{2BA92D64-6A7A-4BA0-ADA6-ACAE32AA80DD}.Debug|x86.ActiveCfg = Debug|Any CPU
		{2BA92D64-6A7A-4BA0-ADA6-ACAE32AA80DD}.Release|Any CPU.ActiveCfg = Release|Any CPU
		{2BA92D64-6A7A-4BA0-ADA6-ACAE32AA80DD}.Release|Any CPU.Build.0 = Release|Any CPU
		{2BA92D64-6A7A-4BA0-ADA6-ACAE32AA80DD}.Release|ARM.ActiveCfg = Release|Any CPU
		{2BA92D64-6A7A-4BA0-ADA6-ACAE32AA80DD}.Release|x64.ActiveCfg = Release|Any CPU
		{2BA92D64-6A7A-4BA0-ADA6-ACAE32AA80DD}.Release|x86.ActiveCfg = Release|Any CPU
		{5FA4DB2C-AEB1-451E-8DBE-5A2C6C901843}.Debug|Any CPU.ActiveCfg = Debug|Any CPU
		{5FA4DB2C-AEB1-451E-8DBE-5A2C6C901843}.Debug|Any CPU.Build.0 = Debug|Any CPU
		{5FA4DB2C-AEB1-451E-8DBE-5A2C6C901843}.Debug|ARM.ActiveCfg = Debug|Any CPU
		{5FA4DB2C-AEB1-451E-8DBE-5A2C6C901843}.Debug|x64.ActiveCfg = Debug|Any CPU
		{5FA4DB2C-AEB1-451E-8DBE-5A2C6C901843}.Debug|x86.ActiveCfg = Debug|Any CPU
		{5FA4DB2C-AEB1-451E-8DBE-5A2C6C901843}.Release|Any CPU.ActiveCfg = Release|Any CPU
		{5FA4DB2C-AEB1-451E-8DBE-5A2C6C901843}.Release|Any CPU.Build.0 = Release|Any CPU
		{5FA4DB2C-AEB1-451E-8DBE-5A2C6C901843}.Release|ARM.ActiveCfg = Release|Any CPU
		{5FA4DB2C-AEB1-451E-8DBE-5A2C6C901843}.Release|x64.ActiveCfg = Release|Any CPU
		{5FA4DB2C-AEB1-451E-8DBE-5A2C6C901843}.Release|x86.ActiveCfg = Release|Any CPU
		{0427EC7B-5CE9-4492-A5F8-0424973EC568}.Debug|Any CPU.ActiveCfg = Debug|Any CPU
		{0427EC7B-5CE9-4492-A5F8-0424973EC568}.Debug|Any CPU.Build.0 = Debug|Any CPU
		{0427EC7B-5CE9-4492-A5F8-0424973EC568}.Debug|ARM.ActiveCfg = Debug|Any CPU
		{0427EC7B-5CE9-4492-A5F8-0424973EC568}.Debug|x64.ActiveCfg = Debug|Any CPU
		{0427EC7B-5CE9-4492-A5F8-0424973EC568}.Debug|x86.ActiveCfg = Debug|Any CPU
		{0427EC7B-5CE9-4492-A5F8-0424973EC568}.Release|Any CPU.ActiveCfg = Release|Any CPU
		{0427EC7B-5CE9-4492-A5F8-0424973EC568}.Release|Any CPU.Build.0 = Release|Any CPU
		{0427EC7B-5CE9-4492-A5F8-0424973EC568}.Release|ARM.ActiveCfg = Release|Any CPU
		{0427EC7B-5CE9-4492-A5F8-0424973EC568}.Release|x64.ActiveCfg = Release|Any CPU
		{0427EC7B-5CE9-4492-A5F8-0424973EC568}.Release|x86.ActiveCfg = Release|Any CPU
		{80E775BB-CEF4-4A78-976E-32BDBB8A8A8D}.Debug|Any CPU.ActiveCfg = Debug|Any CPU
		{80E775BB-CEF4-4A78-976E-32BDBB8A8A8D}.Debug|Any CPU.Build.0 = Debug|Any CPU
		{80E775BB-CEF4-4A78-976E-32BDBB8A8A8D}.Debug|ARM.ActiveCfg = Debug|Any CPU
		{80E775BB-CEF4-4A78-976E-32BDBB8A8A8D}.Debug|x64.ActiveCfg = Debug|Any CPU
		{80E775BB-CEF4-4A78-976E-32BDBB8A8A8D}.Debug|x86.ActiveCfg = Debug|Any CPU
		{80E775BB-CEF4-4A78-976E-32BDBB8A8A8D}.Release|Any CPU.ActiveCfg = Release|Any CPU
		{80E775BB-CEF4-4A78-976E-32BDBB8A8A8D}.Release|Any CPU.Build.0 = Release|Any CPU
		{80E775BB-CEF4-4A78-976E-32BDBB8A8A8D}.Release|ARM.ActiveCfg = Release|Any CPU
		{80E775BB-CEF4-4A78-976E-32BDBB8A8A8D}.Release|x64.ActiveCfg = Release|Any CPU
		{80E775BB-CEF4-4A78-976E-32BDBB8A8A8D}.Release|x86.ActiveCfg = Release|Any CPU
		{FAE89E6B-F134-41F5-AB52-0544DB8286F7}.Debug|Any CPU.ActiveCfg = Debug|Any CPU
		{FAE89E6B-F134-41F5-AB52-0544DB8286F7}.Debug|Any CPU.Build.0 = Debug|Any CPU
		{FAE89E6B-F134-41F5-AB52-0544DB8286F7}.Debug|ARM.ActiveCfg = Debug|Any CPU
		{FAE89E6B-F134-41F5-AB52-0544DB8286F7}.Debug|x64.ActiveCfg = Debug|Any CPU
		{FAE89E6B-F134-41F5-AB52-0544DB8286F7}.Debug|x86.ActiveCfg = Debug|Any CPU
		{FAE89E6B-F134-41F5-AB52-0544DB8286F7}.Release|Any CPU.ActiveCfg = Release|Any CPU
		{FAE89E6B-F134-41F5-AB52-0544DB8286F7}.Release|Any CPU.Build.0 = Release|Any CPU
		{FAE89E6B-F134-41F5-AB52-0544DB8286F7}.Release|ARM.ActiveCfg = Release|Any CPU
		{FAE89E6B-F134-41F5-AB52-0544DB8286F7}.Release|x64.ActiveCfg = Release|Any CPU
		{FAE89E6B-F134-41F5-AB52-0544DB8286F7}.Release|x86.ActiveCfg = Release|Any CPU
		{1F268818-FCF1-46B3-9A4A-9C0A6A138BE3}.Debug|Any CPU.ActiveCfg = Debug|Any CPU
		{1F268818-FCF1-46B3-9A4A-9C0A6A138BE3}.Debug|Any CPU.Build.0 = Debug|Any CPU
		{1F268818-FCF1-46B3-9A4A-9C0A6A138BE3}.Debug|ARM.ActiveCfg = Debug|Any CPU
		{1F268818-FCF1-46B3-9A4A-9C0A6A138BE3}.Debug|x64.ActiveCfg = Debug|Any CPU
		{1F268818-FCF1-46B3-9A4A-9C0A6A138BE3}.Debug|x86.ActiveCfg = Debug|Any CPU
		{1F268818-FCF1-46B3-9A4A-9C0A6A138BE3}.Release|Any CPU.ActiveCfg = Release|Any CPU
		{1F268818-FCF1-46B3-9A4A-9C0A6A138BE3}.Release|Any CPU.Build.0 = Release|Any CPU
		{1F268818-FCF1-46B3-9A4A-9C0A6A138BE3}.Release|ARM.ActiveCfg = Release|Any CPU
		{1F268818-FCF1-46B3-9A4A-9C0A6A138BE3}.Release|x64.ActiveCfg = Release|Any CPU
		{1F268818-FCF1-46B3-9A4A-9C0A6A138BE3}.Release|x86.ActiveCfg = Release|Any CPU
		{D7A169A6-73F3-41BD-8104-AE2F795BF5D9}.Debug|Any CPU.ActiveCfg = Debug|Any CPU
		{D7A169A6-73F3-41BD-8104-AE2F795BF5D9}.Debug|Any CPU.Build.0 = Debug|Any CPU
		{D7A169A6-73F3-41BD-8104-AE2F795BF5D9}.Debug|ARM.ActiveCfg = Debug|Any CPU
		{D7A169A6-73F3-41BD-8104-AE2F795BF5D9}.Debug|x64.ActiveCfg = Debug|Any CPU
		{D7A169A6-73F3-41BD-8104-AE2F795BF5D9}.Debug|x86.ActiveCfg = Debug|Any CPU
		{D7A169A6-73F3-41BD-8104-AE2F795BF5D9}.Release|Any CPU.ActiveCfg = Release|Any CPU
		{D7A169A6-73F3-41BD-8104-AE2F795BF5D9}.Release|Any CPU.Build.0 = Release|Any CPU
		{D7A169A6-73F3-41BD-8104-AE2F795BF5D9}.Release|ARM.ActiveCfg = Release|Any CPU
		{D7A169A6-73F3-41BD-8104-AE2F795BF5D9}.Release|x64.ActiveCfg = Release|Any CPU
		{D7A169A6-73F3-41BD-8104-AE2F795BF5D9}.Release|x86.ActiveCfg = Release|Any CPU
		{0BD725B1-6967-448D-898F-C9AB95A22F73}.Debug|Any CPU.ActiveCfg = Debug|Any CPU
		{0BD725B1-6967-448D-898F-C9AB95A22F73}.Debug|Any CPU.Build.0 = Debug|Any CPU
		{0BD725B1-6967-448D-898F-C9AB95A22F73}.Debug|Any CPU.Deploy.0 = Debug|Any CPU
		{0BD725B1-6967-448D-898F-C9AB95A22F73}.Debug|ARM.ActiveCfg = Debug|ARM
		{0BD725B1-6967-448D-898F-C9AB95A22F73}.Debug|ARM.Build.0 = Debug|ARM
		{0BD725B1-6967-448D-898F-C9AB95A22F73}.Debug|ARM.Deploy.0 = Debug|ARM
		{0BD725B1-6967-448D-898F-C9AB95A22F73}.Debug|x64.ActiveCfg = Debug|x64
		{0BD725B1-6967-448D-898F-C9AB95A22F73}.Debug|x64.Build.0 = Debug|x64
		{0BD725B1-6967-448D-898F-C9AB95A22F73}.Debug|x64.Deploy.0 = Debug|x64
		{0BD725B1-6967-448D-898F-C9AB95A22F73}.Debug|x86.ActiveCfg = Debug|x86
		{0BD725B1-6967-448D-898F-C9AB95A22F73}.Debug|x86.Build.0 = Debug|x86
		{0BD725B1-6967-448D-898F-C9AB95A22F73}.Debug|x86.Deploy.0 = Debug|x86
		{0BD725B1-6967-448D-898F-C9AB95A22F73}.Release|Any CPU.ActiveCfg = Release|Any CPU
		{0BD725B1-6967-448D-898F-C9AB95A22F73}.Release|Any CPU.Build.0 = Release|Any CPU
		{0BD725B1-6967-448D-898F-C9AB95A22F73}.Release|Any CPU.Deploy.0 = Release|Any CPU
		{0BD725B1-6967-448D-898F-C9AB95A22F73}.Release|ARM.ActiveCfg = Release|ARM
		{0BD725B1-6967-448D-898F-C9AB95A22F73}.Release|ARM.Build.0 = Release|ARM
		{0BD725B1-6967-448D-898F-C9AB95A22F73}.Release|ARM.Deploy.0 = Release|ARM
		{0BD725B1-6967-448D-898F-C9AB95A22F73}.Release|x64.ActiveCfg = Release|x64
		{0BD725B1-6967-448D-898F-C9AB95A22F73}.Release|x64.Build.0 = Release|x64
		{0BD725B1-6967-448D-898F-C9AB95A22F73}.Release|x64.Deploy.0 = Release|x64
		{0BD725B1-6967-448D-898F-C9AB95A22F73}.Release|x86.ActiveCfg = Release|x86
		{0BD725B1-6967-448D-898F-C9AB95A22F73}.Release|x86.Build.0 = Release|x86
		{0BD725B1-6967-448D-898F-C9AB95A22F73}.Release|x86.Deploy.0 = Release|x86
		{9AF50EA2-F2F5-4595-AF4F-769E68AC9212}.Debug|Any CPU.ActiveCfg = Debug|Any CPU
		{9AF50EA2-F2F5-4595-AF4F-769E68AC9212}.Debug|Any CPU.Build.0 = Debug|Any CPU
		{9AF50EA2-F2F5-4595-AF4F-769E68AC9212}.Debug|ARM.ActiveCfg = Debug|ARM
		{9AF50EA2-F2F5-4595-AF4F-769E68AC9212}.Debug|ARM.Build.0 = Debug|ARM
		{9AF50EA2-F2F5-4595-AF4F-769E68AC9212}.Debug|x64.ActiveCfg = Debug|x64
		{9AF50EA2-F2F5-4595-AF4F-769E68AC9212}.Debug|x64.Build.0 = Debug|x64
		{9AF50EA2-F2F5-4595-AF4F-769E68AC9212}.Debug|x86.ActiveCfg = Debug|x86
		{9AF50EA2-F2F5-4595-AF4F-769E68AC9212}.Debug|x86.Build.0 = Debug|x86
		{9AF50EA2-F2F5-4595-AF4F-769E68AC9212}.Release|Any CPU.ActiveCfg = Release|Any CPU
		{9AF50EA2-F2F5-4595-AF4F-769E68AC9212}.Release|Any CPU.Build.0 = Release|Any CPU
		{9AF50EA2-F2F5-4595-AF4F-769E68AC9212}.Release|ARM.ActiveCfg = Release|ARM
		{9AF50EA2-F2F5-4595-AF4F-769E68AC9212}.Release|ARM.Build.0 = Release|ARM
		{9AF50EA2-F2F5-4595-AF4F-769E68AC9212}.Release|x64.ActiveCfg = Release|x64
		{9AF50EA2-F2F5-4595-AF4F-769E68AC9212}.Release|x64.Build.0 = Release|x64
		{9AF50EA2-F2F5-4595-AF4F-769E68AC9212}.Release|x86.ActiveCfg = Release|x86
		{9AF50EA2-F2F5-4595-AF4F-769E68AC9212}.Release|x86.Build.0 = Release|x86
		{2E75EC2A-A889-4451-9EB8-DB35E948BE0D}.Debug|Any CPU.ActiveCfg = Debug|Any CPU
		{2E75EC2A-A889-4451-9EB8-DB35E948BE0D}.Debug|Any CPU.Build.0 = Debug|Any CPU
		{2E75EC2A-A889-4451-9EB8-DB35E948BE0D}.Debug|ARM.ActiveCfg = Debug|Any CPU
		{2E75EC2A-A889-4451-9EB8-DB35E948BE0D}.Debug|x64.ActiveCfg = Debug|Any CPU
		{2E75EC2A-A889-4451-9EB8-DB35E948BE0D}.Debug|x86.ActiveCfg = Debug|Any CPU
		{2E75EC2A-A889-4451-9EB8-DB35E948BE0D}.Release|Any CPU.ActiveCfg = Release|Any CPU
		{2E75EC2A-A889-4451-9EB8-DB35E948BE0D}.Release|Any CPU.Build.0 = Release|Any CPU
		{2E75EC2A-A889-4451-9EB8-DB35E948BE0D}.Release|ARM.ActiveCfg = Release|Any CPU
		{2E75EC2A-A889-4451-9EB8-DB35E948BE0D}.Release|x64.ActiveCfg = Release|Any CPU
		{2E75EC2A-A889-4451-9EB8-DB35E948BE0D}.Release|x86.ActiveCfg = Release|Any CPU
		{DEEC0CBE-72C1-419A-9251-3E7048906950}.Debug|Any CPU.ActiveCfg = Debug|Any CPU
		{DEEC0CBE-72C1-419A-9251-3E7048906950}.Debug|Any CPU.Build.0 = Debug|Any CPU
		{DEEC0CBE-72C1-419A-9251-3E7048906950}.Debug|ARM.ActiveCfg = Debug|Any CPU
		{DEEC0CBE-72C1-419A-9251-3E7048906950}.Debug|x64.ActiveCfg = Debug|Any CPU
		{DEEC0CBE-72C1-419A-9251-3E7048906950}.Debug|x86.ActiveCfg = Debug|Any CPU
		{DEEC0CBE-72C1-419A-9251-3E7048906950}.Release|Any CPU.ActiveCfg = Release|Any CPU
		{DEEC0CBE-72C1-419A-9251-3E7048906950}.Release|Any CPU.Build.0 = Release|Any CPU
		{DEEC0CBE-72C1-419A-9251-3E7048906950}.Release|ARM.ActiveCfg = Release|Any CPU
		{DEEC0CBE-72C1-419A-9251-3E7048906950}.Release|x64.ActiveCfg = Release|Any CPU
		{DEEC0CBE-72C1-419A-9251-3E7048906950}.Release|x86.ActiveCfg = Release|Any CPU
		{BEE9D648-3E02-4603-9F76-6146E1DF33F0}.Debug|Any CPU.ActiveCfg = Debug|Any CPU
		{BEE9D648-3E02-4603-9F76-6146E1DF33F0}.Debug|Any CPU.Build.0 = Debug|Any CPU
		{BEE9D648-3E02-4603-9F76-6146E1DF33F0}.Debug|ARM.ActiveCfg = Debug|Any CPU
		{BEE9D648-3E02-4603-9F76-6146E1DF33F0}.Debug|x64.ActiveCfg = Debug|Any CPU
		{BEE9D648-3E02-4603-9F76-6146E1DF33F0}.Debug|x86.ActiveCfg = Debug|Any CPU
		{BEE9D648-3E02-4603-9F76-6146E1DF33F0}.Release|Any CPU.ActiveCfg = Release|Any CPU
		{BEE9D648-3E02-4603-9F76-6146E1DF33F0}.Release|Any CPU.Build.0 = Release|Any CPU
		{BEE9D648-3E02-4603-9F76-6146E1DF33F0}.Release|ARM.ActiveCfg = Release|Any CPU
		{BEE9D648-3E02-4603-9F76-6146E1DF33F0}.Release|x64.ActiveCfg = Release|Any CPU
		{BEE9D648-3E02-4603-9F76-6146E1DF33F0}.Release|x86.ActiveCfg = Release|Any CPU
		{1DA8BBF5-CB4F-4A03-971E-4C1B8D5A408F}.Debug|Any CPU.ActiveCfg = Debug|Any CPU
		{1DA8BBF5-CB4F-4A03-971E-4C1B8D5A408F}.Debug|Any CPU.Build.0 = Debug|Any CPU
		{1DA8BBF5-CB4F-4A03-971E-4C1B8D5A408F}.Debug|ARM.ActiveCfg = Debug|Any CPU
		{1DA8BBF5-CB4F-4A03-971E-4C1B8D5A408F}.Debug|x64.ActiveCfg = Debug|Any CPU
		{1DA8BBF5-CB4F-4A03-971E-4C1B8D5A408F}.Debug|x86.ActiveCfg = Debug|Any CPU
		{1DA8BBF5-CB4F-4A03-971E-4C1B8D5A408F}.Release|Any CPU.ActiveCfg = Release|Any CPU
		{1DA8BBF5-CB4F-4A03-971E-4C1B8D5A408F}.Release|Any CPU.Build.0 = Release|Any CPU
		{1DA8BBF5-CB4F-4A03-971E-4C1B8D5A408F}.Release|ARM.ActiveCfg = Release|Any CPU
		{1DA8BBF5-CB4F-4A03-971E-4C1B8D5A408F}.Release|x64.ActiveCfg = Release|Any CPU
		{1DA8BBF5-CB4F-4A03-971E-4C1B8D5A408F}.Release|x86.ActiveCfg = Release|Any CPU
		{37FA2046-902A-4C56-8106-0C2D88C0042C}.Debug|Any CPU.ActiveCfg = Debug|Any CPU
		{37FA2046-902A-4C56-8106-0C2D88C0042C}.Debug|Any CPU.Build.0 = Debug|Any CPU
		{37FA2046-902A-4C56-8106-0C2D88C0042C}.Debug|ARM.ActiveCfg = Debug|Any CPU
		{37FA2046-902A-4C56-8106-0C2D88C0042C}.Debug|x64.ActiveCfg = Debug|Any CPU
		{37FA2046-902A-4C56-8106-0C2D88C0042C}.Debug|x86.ActiveCfg = Debug|Any CPU
		{37FA2046-902A-4C56-8106-0C2D88C0042C}.Release|Any CPU.ActiveCfg = Release|Any CPU
		{37FA2046-902A-4C56-8106-0C2D88C0042C}.Release|Any CPU.Build.0 = Release|Any CPU
		{37FA2046-902A-4C56-8106-0C2D88C0042C}.Release|ARM.ActiveCfg = Release|Any CPU
		{37FA2046-902A-4C56-8106-0C2D88C0042C}.Release|x64.ActiveCfg = Release|Any CPU
		{37FA2046-902A-4C56-8106-0C2D88C0042C}.Release|x86.ActiveCfg = Release|Any CPU
	EndGlobalSection
	GlobalSection(SolutionProperties) = preSolution
		HideSolutionNode = FALSE
	EndGlobalSection
	GlobalSection(NestedProjects) = preSolution
		{442626F8-E1B0-4CC3-A99E-E29F8BA46C26} = {0FDBC66A-4581-4B68-A781-C187634F45CF}
		{0427EC7B-5CE9-4492-A5F8-0424973EC568} = {185503DB-2253-4F73-8517-3138F85E3A24}
		{5FA4DB2C-AEB1-451E-8DBE-5A2C6C901843} = {185503DB-2253-4F73-8517-3138F85E3A24}
		{1F268818-FCF1-46B3-9A4A-9C0A6A138BE3} = {185503DB-2253-4F73-8517-3138F85E3A24}
		{D7A169A6-73F3-41BD-8104-AE2F795BF5D9} = {185503DB-2253-4F73-8517-3138F85E3A24}
		{BEE9D648-3E02-4603-9F76-6146E1DF33F0} = {185503DB-2253-4F73-8517-3138F85E3A24}
		{FAE89E6B-F134-41F5-AB52-0544DB8286F7} = {4A0E3E06-D92D-4DB6-A8B1-FF7EAB93D9EB}
		{80E775BB-CEF4-4A78-976E-32BDBB8A8A8D} = {4A0E3E06-D92D-4DB6-A8B1-FF7EAB93D9EB}
		{0BD725B1-6967-448D-898F-C9AB95A22F73} = {4A0E3E06-D92D-4DB6-A8B1-FF7EAB93D9EB}
		{9AF50EA2-F2F5-4595-AF4F-769E68AC9212} = {4A0E3E06-D92D-4DB6-A8B1-FF7EAB93D9EB}
		{2E75EC2A-A889-4451-9EB8-DB35E948BE0D} = {4A0E3E06-D92D-4DB6-A8B1-FF7EAB93D9EB}
		{DEEC0CBE-72C1-419A-9251-3E7048906950} = {4A0E3E06-D92D-4DB6-A8B1-FF7EAB93D9EB}
		{1DA8BBF5-CB4F-4A03-971E-4C1B8D5A408F} = {4A0E3E06-D92D-4DB6-A8B1-FF7EAB93D9EB}
		{37FA2046-902A-4C56-8106-0C2D88C0042C} = {76C86B07-93AE-4336-80AE-4989FB151854}
	EndGlobalSection
EndGlobal
